<?xml version="1.0" encoding="utf-8"?>
<Project ToolsVersion="4.0" xmlns="http://schemas.microsoft.com/developer/msbuild/2003">
  <ItemGroup>
    <Filter Include="Source Files">
      <UniqueIdentifier>{4FC737F1-C7A5-4376-A066-2A32D752A2FF}</UniqueIdentifier>
      <Extensions>cpp;c;cc;cxx;c++;cppm;ixx;def;odl;idl;hpj;bat;asm;asmx</Extensions>
    </Filter>
    <Filter Include="Header Files">
      <UniqueIdentifier>{93995380-89BD-4b04-88EB-625FBE52EBFB}</UniqueIdentifier>
      <Extensions>h;hh;hpp;hxx;h++;hm;inl;inc;ipp;xsd</Extensions>
    </Filter>
    <Filter Include="Resource Files">
      <UniqueIdentifier>{67DA6AB6-F800-4c08-8B7A-83BB121AAD01}</UniqueIdentifier>
      <Extensions>rc;ico;cur;bmp;dlg;rc2;rct;bin;rgs;gif;jpg;jpeg;jpe;resx;tiff;tif;png;wav;mfcribbon-ms</Extensions>
    </Filter>
  </ItemGroup>
  <ItemGroup>
    <ClCompile Include="Main.cpp">
      <Filter>Source Files</Filter>
    </ClCompile>
    <ClCompile Include="Option.cpp">
      <Filter>Source Files</Filter>
    </ClCompile>
    <ClCompile Include="VanillaOption.cpp">
      <Filter>Source Files</Filter>
    </ClCompile>
    <ClCompile Include="BlackScholesPricer.cpp">
      <Filter>Source Files</Filter>
    </ClCompile>
    <ClCompile Include="MT.cpp">
      <Filter>Source Files</Filter>
    </ClCompile>
    <ClCompile Include="BinaryTree.cpp">
      <Filter>Source Files</Filter>
    </ClCompile>
    <ClCompile Include="CRRPricer.cpp">
      <Filter>Source Files</Filter>
    </ClCompile>
    <ClCompile Include="DigitalOption.cpp">
      <Filter>Source Files</Filter>
    </ClCompile>
    <ClCompile Include="AsianOption.cpp">
      <Filter>Source Files</Filter>
    </ClCompile>
    <ClCompile Include="BlackScholesMCPricer.cpp">
      <Filter>Source Files</Filter>
    </ClCompile>
    <ClCompile Include="AmericanOption.cpp">
      <Filter>Source Files</Filter>
    </ClCompile>
    <ClCompile Include="CallOption.cpp">
      <Filter>Source Files</Filter>
    </ClCompile>
    <ClCompile Include="PutOption.cpp">
      <Filter>Source Files</Filter>
    </ClCompile>
    <ClCompile Include="DigitalCallOption.cpp">
      <Filter>Source Files</Filter>
    </ClCompile>
    <ClCompile Include="DigitalPutOption.cpp">
      <Filter>Source Files</Filter>
    </ClCompile>
    <ClCompile Include="AsianCallOption.cpp">
      <Filter>Source Files</Filter>
    </ClCompile>
    <ClCompile Include="AsianPutOption.cpp">
      <Filter>Source Files</Filter>
    </ClCompile>
    <ClCompile Include="AmericanCallOption.cpp">
      <Filter>Source Files</Filter>
    </ClCompile>
    <ClCompile Include="AmericanPutOption.cpp">
      <Filter>Source Files</Filter>
    </ClCompile>
  </ItemGroup>
  <ItemGroup>
    <ClInclude Include="Option.h">
      <Filter>Header Files</Filter>
    </ClInclude>
    <ClInclude Include="VanillaOption.h">
      <Filter>Header Files</Filter>
    </ClInclude>
    <ClInclude Include="BlackScholesPricer.h">
      <Filter>Header Files</Filter>
    </ClInclude>
    <ClInclude Include="MT.h">
      <Filter>Header Files</Filter>
    </ClInclude>
    <ClInclude Include="BinaryTree.h">
      <Filter>Header Files</Filter>
    </ClInclude>
    <ClInclude Include="CRRPricer.h">
      <Filter>Header Files</Filter>
    </ClInclude>
    <ClInclude Include="DigitalOption.h">
      <Filter>Header Files</Filter>
    </ClInclude>
    <ClInclude Include="AsianOption.h">
      <Filter>Header Files</Filter>
    </ClInclude>
    <ClInclude Include="BlackScholesMCPricer.h">
      <Filter>Header Files</Filter>
    </ClInclude>
    <ClInclude Include="AmericanOption.h">
      <Filter>Header Files</Filter>
    </ClInclude>
    <ClInclude Include="CallOption.h">
      <Filter>Header Files</Filter>
    </ClInclude>
    <ClInclude Include="PutOption.h">
      <Filter>Header Files</Filter>
    </ClInclude>
    <ClInclude Include="DigitalCallOption.h">
      <Filter>Header Files</Filter>
    </ClInclude>
    <ClInclude Include="DigitalPutOption.h">
      <Filter>Header Files</Filter>
    </ClInclude>
    <ClInclude Include="AsianCallOption.h">
      <Filter>Header Files</Filter>
    </ClInclude>
    <ClInclude Include="AsianPutOption.h">
      <Filter>Header Files</Filter>
    </ClInclude>
    <ClInclude Include="AmericanCallOption.h">
      <Filter>Header Files</Filter>
    </ClInclude>
    <ClInclude Include="AmericanPutOption.h">
      <Filter>Header Files</Filter>
    </ClInclude>
  </ItemGroup>
</Project>